
Microsoft Visual Studio Solution File, Format Version 12.00
# Visual Studio Version 16
VisualStudioVersion = 16.0.30309.148
MinimumVisualStudioVersion = 10.0.40219.1
Project("{2150E333-8FDC-42A3-9474-1A3956D46DE8}") = "Microservices", "Microservices", "{45F3C719-B0B3-4531-9C06-234FDE8D4BAD}"
EndProject
Project("{2150E333-8FDC-42A3-9474-1A3956D46DE8}") = "Domain", "Domain", "{87D220B7-7280-43B6-B2C2-FE1C49B1172B}"
EndProject
Project("{2150E333-8FDC-42A3-9474-1A3956D46DE8}") = "Infra.Bus", "Infra.Bus", "{C8CC2D69-608F-4AC2-8FA3-6C87B600DD44}"
EndProject
Project("{2150E333-8FDC-42A3-9474-1A3956D46DE8}") = "Infra.IoC", "Infra.IoC", "{7A9C9D94-F254-4E36-932B-D58758950EAD}"
EndProject
Project("{2150E333-8FDC-42A3-9474-1A3956D46DE8}") = "Presentation", "Presentation", "{F4835B61-05A6-4FD9-B134-56DF10BD410E}"
EndProject
Project("{9A19103F-16F7-4668-BE54-9A1E7A4F7556}") = "MicroRabbit.Domain.Core", "MicroRabbit.Domain.Core\MicroRabbit.Domain.Core.csproj", "{2039F4B1-2B2E-447A-96FC-30B04C8E5ED1}"
EndProject
Project("{9A19103F-16F7-4668-BE54-9A1E7A4F7556}") = "MicroRabbit.Infra.Bus", "MicroRabbit.Infra.Bus\MicroRabbit.Infra.Bus.csproj", "{8161FEA6-2CAB-4561-83FE-3C7467DD71E4}"
EndProject
Project("{9A19103F-16F7-4668-BE54-9A1E7A4F7556}") = "MicroRabbit.Infra.IoC", "MicroRabbit.Infa.IoC\MicroRabbit.Infra.IoC.csproj", "{26A58832-C025-495D-91F1-918A4F3CB0C8}"
EndProject
Project("{2150E333-8FDC-42A3-9474-1A3956D46DE8}") = "Banking", "Banking", "{13BCE76B-0FBF-4DF1-91F5-901D488FD70B}"
EndProject
Project("{2150E333-8FDC-42A3-9474-1A3956D46DE8}") = "Api", "Api", "{C88EAD53-3D58-46BF-B35C-02C52CDCD947}"
EndProject
Project("{2150E333-8FDC-42A3-9474-1A3956D46DE8}") = "Domain", "Domain", "{B2F492D2-3A0F-4CCF-BD75-CEF35B06FE37}"
EndProject
Project("{2150E333-8FDC-42A3-9474-1A3956D46DE8}") = "Application", "Application", "{FD60BCC7-9B87-423D-9D5F-5F06A535221B}"
EndProject
Project("{2150E333-8FDC-42A3-9474-1A3956D46DE8}") = "Data", "Data", "{F006505D-C9F4-4511-884B-5AFD2C9CB797}"
EndProject
Project("{FAE04EC0-301F-11D3-BF4B-00C04F79EFBC}") = "MicroRabbit.Banking.Api", "MicroRabbit.Banking.Api\MicroRabbit.Banking.Api.csproj", "{E949C55C-8D6B-41E2-979F-858E4A3FBE8E}"
EndProject
Project("{FAE04EC0-301F-11D3-BF4B-00C04F79EFBC}") = "MicroRabbit.Banking.Application", "MicroRabbit.Banking.Application\MicroRabbit.Banking.Application.csproj", "{FB15BE89-40F6-47B6-9702-C7A20C7E3CFF}"
EndProject
Project("{FAE04EC0-301F-11D3-BF4B-00C04F79EFBC}") = "MicroRabbit.Banking.Data", "MicroRabbit.Banking.Data\MicroRabbit.Banking.Data.csproj", "{A7726F80-D8D6-4BE7-A788-41B4268BB9BE}"
EndProject
Project("{FAE04EC0-301F-11D3-BF4B-00C04F79EFBC}") = "MicroRabbit.Banking.Domain", "MicroRabbit.Banking.Domain\MicroRabbit.Banking.Domain.csproj", "{A98E6428-38B8-4D82-82C1-66BE02857046}"
EndProject
Global
	GlobalSection(SolutionConfigurationPlatforms) = preSolution
		Debug|Any CPU = Debug|Any CPU
		Release|Any CPU = Release|Any CPU
	EndGlobalSection
	GlobalSection(ProjectConfigurationPlatforms) = postSolution
		{2039F4B1-2B2E-447A-96FC-30B04C8E5ED1}.Debug|Any CPU.ActiveCfg = Debug|Any CPU
		{2039F4B1-2B2E-447A-96FC-30B04C8E5ED1}.Debug|Any CPU.Build.0 = Debug|Any CPU
		{2039F4B1-2B2E-447A-96FC-30B04C8E5ED1}.Release|Any CPU.ActiveCfg = Release|Any CPU
		{2039F4B1-2B2E-447A-96FC-30B04C8E5ED1}.Release|Any CPU.Build.0 = Release|Any CPU
		{8161FEA6-2CAB-4561-83FE-3C7467DD71E4}.Debug|Any CPU.ActiveCfg = Debug|Any CPU
		{8161FEA6-2CAB-4561-83FE-3C7467DD71E4}.Debug|Any CPU.Build.0 = Debug|Any CPU
		{8161FEA6-2CAB-4561-83FE-3C7467DD71E4}.Release|Any CPU.ActiveCfg = Release|Any CPU
		{8161FEA6-2CAB-4561-83FE-3C7467DD71E4}.Release|Any CPU.Build.0 = Release|Any CPU
		{26A58832-C025-495D-91F1-918A4F3CB0C8}.Debug|Any CPU.ActiveCfg = Debug|Any CPU
		{26A58832-C025-495D-91F1-918A4F3CB0C8}.Debug|Any CPU.Build.0 = Debug|Any CPU
		{26A58832-C025-495D-91F1-918A4F3CB0C8}.Release|Any CPU.ActiveCfg = Release|Any CPU
		{26A58832-C025-495D-91F1-918A4F3CB0C8}.Release|Any CPU.Build.0 = Release|Any CPU
		{E949C55C-8D6B-41E2-979F-858E4A3FBE8E}.Debug|Any CPU.ActiveCfg = Debug|Any CPU
		{E949C55C-8D6B-41E2-979F-858E4A3FBE8E}.Debug|Any CPU.Build.0 = Debug|Any CPU
		{E949C55C-8D6B-41E2-979F-858E4A3FBE8E}.Release|Any CPU.ActiveCfg = Release|Any CPU
		{E949C55C-8D6B-41E2-979F-858E4A3FBE8E}.Release|Any CPU.Build.0 = Release|Any CPU
		{FB15BE89-40F6-47B6-9702-C7A20C7E3CFF}.Debug|Any CPU.ActiveCfg = Debug|Any CPU
		{FB15BE89-40F6-47B6-9702-C7A20C7E3CFF}.Debug|Any CPU.Build.0 = Debug|Any CPU
		{FB15BE89-40F6-47B6-9702-C7A20C7E3CFF}.Release|Any CPU.ActiveCfg = Release|Any CPU
		{FB15BE89-40F6-47B6-9702-C7A20C7E3CFF}.Release|Any CPU.Build.0 = Release|Any CPU
		{A7726F80-D8D6-4BE7-A788-41B4268BB9BE}.Debug|Any CPU.ActiveCfg = Debug|Any CPU
		{A7726F80-D8D6-4BE7-A788-41B4268BB9BE}.Debug|Any CPU.Build.0 = Debug|Any CPU
		{A7726F80-D8D6-4BE7-A788-41B4268BB9BE}.Release|Any CPU.ActiveCfg = Release|Any CPU
		{A7726F80-D8D6-4BE7-A788-41B4268BB9BE}.Release|Any CPU.Build.0 = Release|Any CPU
		{A98E6428-38B8-4D82-82C1-66BE02857046}.Debug|Any CPU.ActiveCfg = Debug|Any CPU
		{A98E6428-38B8-4D82-82C1-66BE02857046}.Debug|Any CPU.Build.0 = Debug|Any CPU
		{A98E6428-38B8-4D82-82C1-66BE02857046}.Release|Any CPU.ActiveCfg = Release|Any CPU
		{A98E6428-38B8-4D82-82C1-66BE02857046}.Release|Any CPU.Build.0 = Release|Any CPU
	EndGlobalSection
	GlobalSection(SolutionProperties) = preSolution
		HideSolutionNode = FALSE
	EndGlobalSection
	GlobalSection(NestedProjects) = preSolution
		{2039F4B1-2B2E-447A-96FC-30B04C8E5ED1} = {87D220B7-7280-43B6-B2C2-FE1C49B1172B}
		{8161FEA6-2CAB-4561-83FE-3C7467DD71E4} = {C8CC2D69-608F-4AC2-8FA3-6C87B600DD44}
		{26A58832-C025-495D-91F1-918A4F3CB0C8} = {7A9C9D94-F254-4E36-932B-D58758950EAD}
		{13BCE76B-0FBF-4DF1-91F5-901D488FD70B} = {45F3C719-B0B3-4531-9C06-234FDE8D4BAD}
		{C88EAD53-3D58-46BF-B35C-02C52CDCD947} = {13BCE76B-0FBF-4DF1-91F5-901D488FD70B}
		{B2F492D2-3A0F-4CCF-BD75-CEF35B06FE37} = {13BCE76B-0FBF-4DF1-91F5-901D488FD70B}
		{FD60BCC7-9B87-423D-9D5F-5F06A535221B} = {13BCE76B-0FBF-4DF1-91F5-901D488FD70B}
		{F006505D-C9F4-4511-884B-5AFD2C9CB797} = {13BCE76B-0FBF-4DF1-91F5-901D488FD70B}
		{E949C55C-8D6B-41E2-979F-858E4A3FBE8E} = {C88EAD53-3D58-46BF-B35C-02C52CDCD947}
		{FB15BE89-40F6-47B6-9702-C7A20C7E3CFF} = {FD60BCC7-9B87-423D-9D5F-5F06A535221B}
		{A7726F80-D8D6-4BE7-A788-41B4268BB9BE} = {F006505D-C9F4-4511-884B-5AFD2C9CB797}
		{A98E6428-38B8-4D82-82C1-66BE02857046} = {B2F492D2-3A0F-4CCF-BD75-CEF35B06FE37}
	EndGlobalSection
	GlobalSection(ExtensibilityGlobals) = postSolution
		SolutionGuid = {B38AA205-D571-43BC-B705-146F36F2BEA3}
	EndGlobalSection
EndGlobal
